<Solution>
  <Project Path="Assembly-CSharp-Editor.csproj" />
  <Project Path="Mennatullah888.Comunitycloudgltfast.Tests.csproj" />
  <Project Path="Mennatullah888.Comunitycloudgltfast.Editor.csproj" />
  <Project Path="Mennatullah888.Comunitycloudgltfast.Editor.Tests.csproj" />
  <Project Path="Assembly-CSharp.csproj" />
  <Project Path="Mennatullah888.Comunitycloudgltfast.csproj" />
</Solution>
